
Microsoft Visual Studio Solution File, Format Version 12.00
# Visual Studio Version 16
VisualStudioVersion = 16.0.29613.14
MinimumVisualStudioVersion = 10.0.40219.1
Project("{FAE04EC0-301F-11D3-BF4B-00C04F79EFBC}") = "PresenterPatternGenerator", "PresenterPatternGenerator.csproj", "{983AB00D-15B2-44AA-B73D-A6A874CB6325}"
EndProject
Global
	GlobalSection(SolutionConfigurationPlatforms) = preSolution
		Debug|Any CPU = Debug|Any CPU
		Release|Any CPU = Release|Any CPU
	EndGlobalSection
	GlobalSection(ProjectConfigurationPlatforms) = postSolution
		{983AB00D-15B2-44AA-B73D-A6A874CB6325}.Debug|Any CPU.ActiveCfg = Debug|Any CPU
		{983AB00D-15B2-44AA-B73D-A6A874CB6325}.Debug|Any CPU.Build.0 = Debug|Any CPU
		{983AB00D-15B2-44AA-B73D-A6A874CB6325}.Release|Any CPU.ActiveCfg = Release|Any CPU
		{983AB00D-15B2-44AA-B73D-A6A874CB6325}.Release|Any CPU.Build.0 = Release|Any CPU
	EndGlobalSection
	GlobalSection(SolutionProperties) = preSolution
		HideSolutionNode = FALSE
	EndGlobalSection
	GlobalSection(ExtensibilityGlobals) = postSolution
		SolutionGuid = {44C15B2D-8CBD-4084-8D0E-DB5A064AF24C}
	EndGlobalSection
EndGlobal
