
Microsoft Visual Studio Solution File, Format Version 12.00
# Visual Studio Version 16
VisualStudioVersion = 16.0.29613.14
MinimumVisualStudioVersion = 10.0.40219.1
Project("{9A19103F-16F7-4668-BE54-9A1E7A4F7556}") = "PresenterPatternGenerator", "PresenterPatternGenerator\PresenterPatternGenerator.csproj", "{EF287834-895A-419B-A490-6EF423FCC844}"
EndProject
Project("{9A19103F-16F7-4668-BE54-9A1E7A4F7556}") = "Tests", "Tests\Tests.csproj", "{F9F6D1FA-C998-43A6-8A59-71CDAA4293CB}"
EndProject
Project("{2150E333-8FDC-42A3-9474-1A3956D46DE8}") = "Solution Items", "Solution Items", "{BF761052-4273-407C-9D91-633A8CAB22F1}"
	ProjectSection(SolutionItems) = preProject
		ReadMe.md = ReadMe.md
	EndProjectSection
EndProject
Project("{FAE04EC0-301F-11D3-BF4B-00C04F79EFBC}") = "WindowsFormsTests", "WindowsFormsTests\WindowsFormsTests.csproj", "{AFE0601F-E1EE-484C-BC4D-DBB558D17611}"
EndProject
Global
	GlobalSection(SolutionConfigurationPlatforms) = preSolution
		Debug|Any CPU = Debug|Any CPU
		Release|Any CPU = Release|Any CPU
	EndGlobalSection
	GlobalSection(ProjectConfigurationPlatforms) = postSolution
		{EF287834-895A-419B-A490-6EF423FCC844}.Debug|Any CPU.ActiveCfg = Debug|Any CPU
		{EF287834-895A-419B-A490-6EF423FCC844}.Debug|Any CPU.Build.0 = Debug|Any CPU
		{EF287834-895A-419B-A490-6EF423FCC844}.Release|Any CPU.ActiveCfg = Release|Any CPU
		{EF287834-895A-419B-A490-6EF423FCC844}.Release|Any CPU.Build.0 = Release|Any CPU
		{F9F6D1FA-C998-43A6-8A59-71CDAA4293CB}.Debug|Any CPU.ActiveCfg = Debug|Any CPU
		{F9F6D1FA-C998-43A6-8A59-71CDAA4293CB}.Debug|Any CPU.Build.0 = Debug|Any CPU
		{F9F6D1FA-C998-43A6-8A59-71CDAA4293CB}.Release|Any CPU.ActiveCfg = Release|Any CPU
		{F9F6D1FA-C998-43A6-8A59-71CDAA4293CB}.Release|Any CPU.Build.0 = Release|Any CPU
		{AFE0601F-E1EE-484C-BC4D-DBB558D17611}.Debug|Any CPU.ActiveCfg = Debug|Any CPU
		{AFE0601F-E1EE-484C-BC4D-DBB558D17611}.Debug|Any CPU.Build.0 = Debug|Any CPU
		{AFE0601F-E1EE-484C-BC4D-DBB558D17611}.Release|Any CPU.ActiveCfg = Release|Any CPU
		{AFE0601F-E1EE-484C-BC4D-DBB558D17611}.Release|Any CPU.Build.0 = Release|Any CPU
	EndGlobalSection
	GlobalSection(SolutionProperties) = preSolution
		HideSolutionNode = FALSE
	EndGlobalSection
	GlobalSection(ExtensibilityGlobals) = postSolution
		SolutionGuid = {44C15B2D-8CBD-4084-8D0E-DB5A064AF24C}
	EndGlobalSection
EndGlobal
